
Microsoft Visual Studio Solution File, Format Version 12.00
# Visual Studio Version 17
VisualStudioVersion = 17.14.37314.3 d17.14
MinimumVisualStudioVersion = 10.0.40219.1
Project("{FAE04EC0-301F-11D3-BF4B-00C04F79EFBC}") = "practice for exam 1  2026", "practice for exam 1  2026\practice for exam 1  2026.csproj", "{F989E1C7-C14A-4CFF-BB2A-A1B1CF97341D}"
EndProject
Global
	GlobalSection(SolutionConfigurationPlatforms) = preSolution
		Debug|Any CPU = Debug|Any CPU
		Release|Any CPU = Release|Any CPU
	EndGlobalSection
	GlobalSection(ProjectConfigurationPlatforms) = postSolution
		{F989E1C7-C14A-4CFF-BB2A-A1B1CF97341D}.Debug|Any CPU.ActiveCfg = Debug|Any CPU
		{F989E1C7-C14A-4CFF-BB2A-A1B1CF97341D}.Debug|Any CPU.Build.0 = Debug|Any CPU
		{F989E1C7-C14A-4CFF-BB2A-A1B1CF97341D}.Release|Any CPU.ActiveCfg = Release|Any CPU
		{F989E1C7-C14A-4CFF-BB2A-A1B1CF97341D}.Release|Any CPU.Build.0 = Release|Any CPU
	EndGlobalSection
	GlobalSection(SolutionProperties) = preSolution
		HideSolutionNode = FALSE
	EndGlobalSection
	GlobalSection(ExtensibilityGlobals) = postSolution
		SolutionGuid = {5B54C016-6268-4602-8826-71807EA11A07}
	EndGlobalSection
EndGlobal
